# Please commit this file, it's crucial for tests stability. Even if you believe it's not yours, it still needs to be committed.
# Input (NuGetFramework=net9.0):
# AutoMapper (, )
# Microsoft.NETCore.App.Ref [9.0.0]
AutoMapper 16.1.1
Microsoft.Extensions.DependencyInjection.Abstractions 10.0.0
Microsoft.Extensions.Logging.Abstractions 10.0.0
Microsoft.Extensions.Options 10.0.0
Microsoft.Extensions.Primitives 10.0.0
Microsoft.IdentityModel.Abstractions 8.14.0
Microsoft.IdentityModel.JsonWebTokens 8.14.0
Microsoft.IdentityModel.Logging 8.14.0
Microsoft.IdentityModel.Tokens 8.14.0
Microsoft.NETCore.App.Ref 9.0.0
System.Diagnostics.DiagnosticSource 10.0.0